
Microsoft Visual Studio Solution File, Format Version 12.00
# Visual Studio Version 17
VisualStudioVersion = 17.14.37012.4 d17.14
MinimumVisualStudioVersion = 10.0.40219.1
Project("{8BC9CEB8-8B4A-11D0-8D11-00A0C91BC942}") = "Project1", "Project1.vcxproj", "{DC893D02-CEAE-4B3D-A062-866734110315}"
EndProject
Global
	GlobalSection(SolutionConfigurationPlatforms) = preSolution
		Debug|x64 = Debug|x64
		Debug|x86 = Debug|x86
		Release|x64 = Release|x64
		Release|x86 = Release|x86
	EndGlobalSection
	GlobalSection(ProjectConfigurationPlatforms) = postSolution
		{DC893D02-CEAE-4B3D-A062-866734110315}.Debug|x64.ActiveCfg = Debug|x64
		{DC893D02-CEAE-4B3D-A062-866734110315}.Debug|x64.Build.0 = Debug|x64
		{DC893D02-CEAE-4B3D-A062-866734110315}.Debug|x86.ActiveCfg = Debug|Win32
		{DC893D02-CEAE-4B3D-A062-866734110315}.Debug|x86.Build.0 = Debug|Win32
		{DC893D02-CEAE-4B3D-A062-866734110315}.Release|x64.ActiveCfg = Release|x64
		{DC893D02-CEAE-4B3D-A062-866734110315}.Release|x64.Build.0 = Release|x64
		{DC893D02-CEAE-4B3D-A062-866734110315}.Release|x86.ActiveCfg = Release|Win32
		{DC893D02-CEAE-4B3D-A062-866734110315}.Release|x86.Build.0 = Release|Win32
	EndGlobalSection
	GlobalSection(SolutionProperties) = preSolution
		HideSolutionNode = FALSE
	EndGlobalSection
	GlobalSection(ExtensibilityGlobals) = postSolution
		SolutionGuid = {F18CFDD4-97E0-478E-8F07-510D9B2B784D}
	EndGlobalSection
EndGlobal
